
Microsoft Visual Studio Solution File, Format Version 12.00
# Visual Studio Version 16
VisualStudioVersion = 16.0.29609.76
MinimumVisualStudioVersion = 10.0.40219.1
Project("{9A19103F-16F7-4668-BE54-9A1E7A4F7556}") = "CensusManagement System", "CensusManagement System.csproj", "{F7E59972-9957-4891-B188-49B6F4CE5326}"
EndProject
Project("{2150E333-8FDC-42A3-9474-1A3956D46DE8}") = "Solution Items", "Solution Items", "{33A30D96-DD33-4926-BCCC-08C5CEA74CBA}"
	ProjectSection(SolutionItems) = preProject
		.editorconfig = .editorconfig
	EndProjectSection
EndProject
Global
	GlobalSection(SolutionConfigurationPlatforms) = preSolution
		Debug|Any CPU = Debug|Any CPU
		Release|Any CPU = Release|Any CPU
	EndGlobalSection
	GlobalSection(ProjectConfigurationPlatforms) = postSolution
		{F7E59972-9957-4891-B188-49B6F4CE5326}.Debug|Any CPU.ActiveCfg = Debug|Any CPU
		{F7E59972-9957-4891-B188-49B6F4CE5326}.Debug|Any CPU.Build.0 = Debug|Any CPU
		{F7E59972-9957-4891-B188-49B6F4CE5326}.Release|Any CPU.ActiveCfg = Release|Any CPU
		{F7E59972-9957-4891-B188-49B6F4CE5326}.Release|Any CPU.Build.0 = Release|Any CPU
	EndGlobalSection
	GlobalSection(SolutionProperties) = preSolution
		HideSolutionNode = FALSE
	EndGlobalSection
	GlobalSection(ExtensibilityGlobals) = postSolution
		SolutionGuid = {EB747F0A-1F2E-4907-B364-B28A74188338}
	EndGlobalSection
EndGlobal
